
Microsoft Visual Studio Solution File, Format Version 12.00
# Visual Studio Version 16
VisualStudioVersion = 16.0.30225.117
MinimumVisualStudioVersion = 10.0.40219.1
Project("{FAE04EC0-301F-11D3-BF4B-00C04F79EFBC}") = "Dona", "Dona.csproj", "{DFB7B93C-1437-4612-803A-5A762D633326}"
EndProject
Global
	GlobalSection(SolutionConfigurationPlatforms) = preSolution
		Debug|Any CPU = Debug|Any CPU
		Release|Any CPU = Release|Any CPU
	EndGlobalSection
	GlobalSection(ProjectConfigurationPlatforms) = postSolution
		{DFB7B93C-1437-4612-803A-5A762D633326}.Debug|Any CPU.ActiveCfg = Debug|Any CPU
		{DFB7B93C-1437-4612-803A-5A762D633326}.Debug|Any CPU.Build.0 = Debug|Any CPU
		{DFB7B93C-1437-4612-803A-5A762D633326}.Release|Any CPU.ActiveCfg = Release|Any CPU
		{DFB7B93C-1437-4612-803A-5A762D633326}.Release|Any CPU.Build.0 = Release|Any CPU
	EndGlobalSection
	GlobalSection(SolutionProperties) = preSolution
		HideSolutionNode = FALSE
	EndGlobalSection
	GlobalSection(ExtensibilityGlobals) = postSolution
		SolutionGuid = {600D1C22-5A63-419D-9AAD-A2A2E4D78C51}
	EndGlobalSection
EndGlobal
